
Microsoft Visual Studio Solution File, Format Version 12.00
# Visual Studio Version 16
VisualStudioVersion = 16.0.30804.86
MinimumVisualStudioVersion = 10.0.40219.1
Project("{2150E333-8FDC-42A3-9474-1A3956D46DE8}") = "Application", "Application", "{12957142-09E6-4325-9987-5667F7B63EBD}"
EndProject
Project("{2150E333-8FDC-42A3-9474-1A3956D46DE8}") = "Domain", "Domain", "{5BDB7714-7BE5-499D-8C16-281003BC820A}"
EndProject
Project("{2150E333-8FDC-42A3-9474-1A3956D46DE8}") = "Infra.IoC", "Infra.IoC", "{2A99F5B0-76B5-42E3-A6F1-625957E949AB}"
EndProject
Project("{2150E333-8FDC-42A3-9474-1A3956D46DE8}") = "Infra.Data", "Infra.Data", "{1ED88859-85D0-45DB-8969-3D6D14BB509F}"
EndProject
Project("{2150E333-8FDC-42A3-9474-1A3956D46DE8}") = "Presentation", "Presentation", "{AB9355A5-A3C2-448D-95DC-A405A7B9110F}"
EndProject
Project("{9A19103F-16F7-4668-BE54-9A1E7A4F7556}") = "CleanArch.MVC", "CleanArch.MVC\CleanArch.MVC.csproj", "{0A03680B-C1A7-4018-9473-F884D9F11F7C}"
EndProject
Project("{9A19103F-16F7-4668-BE54-9A1E7A4F7556}") = "CleanArch.Domain", "CleanArch.Domain\CleanArch.Domain.csproj", "{23F6F630-21D7-42E3-A918-745803F1638A}"
EndProject
Project("{FAE04EC0-301F-11D3-BF4B-00C04F79EFBC}") = "CleanArch.Infra.Data", "CleanArch.Infra.Data\CleanArch.Infra.Data.csproj", "{1E5D8D56-04E0-4048-BB48-3F8E8BDEA0C1}"
EndProject
Project("{FAE04EC0-301F-11D3-BF4B-00C04F79EFBC}") = "CleanArch.Application", "CleanArch.Application\CleanArch.Application.csproj", "{D09611B2-10B1-4C03-9F6B-67DBA9DAE9C3}"
EndProject
Project("{FAE04EC0-301F-11D3-BF4B-00C04F79EFBC}") = "CleanArch.Infra.IoC", "CleanArch.Infra.IoC\CleanArch.Infra.IoC.csproj", "{21D08356-C146-45E5-97EB-319CD182AFB7}"
EndProject
Project("{2150E333-8FDC-42A3-9474-1A3956D46DE8}") = "Infra.Bus", "Infra.Bus", "{BD94D14C-A521-4E24-9765-574E107584CE}"
EndProject
Project("{2150E333-8FDC-42A3-9474-1A3956D46DE8}") = "Api", "Api", "{B464D728-B627-4D85-8A09-50F3F66C2393}"
EndProject
Project("{FAE04EC0-301F-11D3-BF4B-00C04F79EFBC}") = "CleanArch.Infra.Bus", "CleanArch.Infra.Bus\CleanArch.Infra.Bus.csproj", "{8FC9715E-2551-4CAC-A800-4942C6C9318E}"
EndProject
Project("{FAE04EC0-301F-11D3-BF4B-00C04F79EFBC}") = "CleanArch.Domain.Core", "CleanArch.Domain.Core\CleanArch.Domain.Core.csproj", "{112C1F7B-5F3A-4DF7-8402-C56F75B9D85E}"
EndProject
Project("{FAE04EC0-301F-11D3-BF4B-00C04F79EFBC}") = "CleanArch.Api", "CleanArch.Api\CleanArch.Api.csproj", "{689DCFC3-D064-4366-ACC3-A9FF2607FB16}"
EndProject
Global
	GlobalSection(SolutionConfigurationPlatforms) = preSolution
		Debug|Any CPU = Debug|Any CPU
		Release|Any CPU = Release|Any CPU
	EndGlobalSection
	GlobalSection(ProjectConfigurationPlatforms) = postSolution
		{0A03680B-C1A7-4018-9473-F884D9F11F7C}.Debug|Any CPU.ActiveCfg = Debug|Any CPU
		{0A03680B-C1A7-4018-9473-F884D9F11F7C}.Debug|Any CPU.Build.0 = Debug|Any CPU
		{0A03680B-C1A7-4018-9473-F884D9F11F7C}.Release|Any CPU.ActiveCfg = Release|Any CPU
		{0A03680B-C1A7-4018-9473-F884D9F11F7C}.Release|Any CPU.Build.0 = Release|Any CPU
		{23F6F630-21D7-42E3-A918-745803F1638A}.Debug|Any CPU.ActiveCfg = Debug|Any CPU
		{23F6F630-21D7-42E3-A918-745803F1638A}.Debug|Any CPU.Build.0 = Debug|Any CPU
		{23F6F630-21D7-42E3-A918-745803F1638A}.Release|Any CPU.ActiveCfg = Release|Any CPU
		{23F6F630-21D7-42E3-A918-745803F1638A}.Release|Any CPU.Build.0 = Release|Any CPU
		{1E5D8D56-04E0-4048-BB48-3F8E8BDEA0C1}.Debug|Any CPU.ActiveCfg = Debug|Any CPU
		{1E5D8D56-04E0-4048-BB48-3F8E8BDEA0C1}.Debug|Any CPU.Build.0 = Debug|Any CPU
		{1E5D8D56-04E0-4048-BB48-3F8E8BDEA0C1}.Release|Any CPU.ActiveCfg = Release|Any CPU
		{1E5D8D56-04E0-4048-BB48-3F8E8BDEA0C1}.Release|Any CPU.Build.0 = Release|Any CPU
		{D09611B2-10B1-4C03-9F6B-67DBA9DAE9C3}.Debug|Any CPU.ActiveCfg = Debug|Any CPU
		{D09611B2-10B1-4C03-9F6B-67DBA9DAE9C3}.Debug|Any CPU.Build.0 = Debug|Any CPU
		{D09611B2-10B1-4C03-9F6B-67DBA9DAE9C3}.Release|Any CPU.ActiveCfg = Release|Any CPU
		{D09611B2-10B1-4C03-9F6B-67DBA9DAE9C3}.Release|Any CPU.Build.0 = Release|Any CPU
		{21D08356-C146-45E5-97EB-319CD182AFB7}.Debug|Any CPU.ActiveCfg = Debug|Any CPU
		{21D08356-C146-45E5-97EB-319CD182AFB7}.Debug|Any CPU.Build.0 = Debug|Any CPU
		{21D08356-C146-45E5-97EB-319CD182AFB7}.Release|Any CPU.ActiveCfg = Release|Any CPU
		{21D08356-C146-45E5-97EB-319CD182AFB7}.Release|Any CPU.Build.0 = Release|Any CPU
		{8FC9715E-2551-4CAC-A800-4942C6C9318E}.Debug|Any CPU.ActiveCfg = Debug|Any CPU
		{8FC9715E-2551-4CAC-A800-4942C6C9318E}.Debug|Any CPU.Build.0 = Debug|Any CPU
		{8FC9715E-2551-4CAC-A800-4942C6C9318E}.Release|Any CPU.ActiveCfg = Release|Any CPU
		{8FC9715E-2551-4CAC-A800-4942C6C9318E}.Release|Any CPU.Build.0 = Release|Any CPU
		{112C1F7B-5F3A-4DF7-8402-C56F75B9D85E}.Debug|Any CPU.ActiveCfg = Debug|Any CPU
		{112C1F7B-5F3A-4DF7-8402-C56F75B9D85E}.Debug|Any CPU.Build.0 = Debug|Any CPU
		{112C1F7B-5F3A-4DF7-8402-C56F75B9D85E}.Release|Any CPU.ActiveCfg = Release|Any CPU
		{112C1F7B-5F3A-4DF7-8402-C56F75B9D85E}.Release|Any CPU.Build.0 = Release|Any CPU
		{689DCFC3-D064-4366-ACC3-A9FF2607FB16}.Debug|Any CPU.ActiveCfg = Debug|Any CPU
		{689DCFC3-D064-4366-ACC3-A9FF2607FB16}.Debug|Any CPU.Build.0 = Debug|Any CPU
		{689DCFC3-D064-4366-ACC3-A9FF2607FB16}.Release|Any CPU.ActiveCfg = Release|Any CPU
		{689DCFC3-D064-4366-ACC3-A9FF2607FB16}.Release|Any CPU.Build.0 = Release|Any CPU
	EndGlobalSection
	GlobalSection(SolutionProperties) = preSolution
		HideSolutionNode = FALSE
	EndGlobalSection
	GlobalSection(NestedProjects) = preSolution
		{0A03680B-C1A7-4018-9473-F884D9F11F7C} = {AB9355A5-A3C2-448D-95DC-A405A7B9110F}
		{23F6F630-21D7-42E3-A918-745803F1638A} = {5BDB7714-7BE5-499D-8C16-281003BC820A}
		{1E5D8D56-04E0-4048-BB48-3F8E8BDEA0C1} = {1ED88859-85D0-45DB-8969-3D6D14BB509F}
		{D09611B2-10B1-4C03-9F6B-67DBA9DAE9C3} = {12957142-09E6-4325-9987-5667F7B63EBD}
		{21D08356-C146-45E5-97EB-319CD182AFB7} = {2A99F5B0-76B5-42E3-A6F1-625957E949AB}
		{8FC9715E-2551-4CAC-A800-4942C6C9318E} = {BD94D14C-A521-4E24-9765-574E107584CE}
		{112C1F7B-5F3A-4DF7-8402-C56F75B9D85E} = {5BDB7714-7BE5-499D-8C16-281003BC820A}
		{689DCFC3-D064-4366-ACC3-A9FF2607FB16} = {B464D728-B627-4D85-8A09-50F3F66C2393}
	EndGlobalSection
	GlobalSection(ExtensibilityGlobals) = postSolution
		SolutionGuid = {0FE5C995-01C9-4BF1-99D9-EE045B7B0C1F}
	EndGlobalSection
EndGlobal
